<?xml version="1.0" encoding="utf-8"?>
<Project ToolsVersion="4.0" xmlns="http://schemas.microsoft.com/developer/msbuild/2003">
  <ItemGroup>
    <Filter Include="Source Files">
      <UniqueIdentifier>{4FC737F1-C7A5-4376-A066-2A32D752A2FF}</UniqueIdentifier>
      <Extensions>cpp;c;cxx;def;odl;idl;hpj;bat;asm;asmx</Extensions>
    </Filter>
    <Filter Include="Header Files">
      <UniqueIdentifier>{93995380-89BD-4b04-88EB-625FBE52EBFB}</UniqueIdentifier>
      <Extensions>h;hpp;hxx;hm;inl;inc;xsd</Extensions>
    </Filter>
    <Filter Include="Resource Files">
      <UniqueIdentifier>{67DA6AB6-F800-4c08-8B7A-83BB121AAD01}</UniqueIdentifier>
      <Extensions>rc;ico;cur;bmp;dlg;rc2;rct;bin;rgs;gif;jpg;jpeg;jpe;resx</Extensions>
    </Filter>
    <Filter Include="zlib">
      <UniqueIdentifier>{937330af-ebb3-4855-947b-06e85bd0a4e0}</UniqueIdentifier>
    </Filter>
    <Filter Include="unzip">
      <UniqueIdentifier>{8f9da9e0-9bec-4bd2-b0d8-7a6c5d7aeff5}</UniqueIdentifier>
    </Filter>
  </ItemGroup>
  <ItemGroup>
    <ClCompile Include="ArchiveOp.cpp">
      <Filter>Source Files</Filter>
    </ClCompile>
    <ClCompile Include="DeleteDlg.cpp">
      <Filter>Source Files</Filter>
    </ClCompile>
    <ClCompile Include="EnumMWObjectArray.cpp">
      <Filter>Source Files</Filter>
    </ClCompile>
    <ClCompile Include="FileOp.cpp">
      <Filter>Source Files</Filter>
    </ClCompile>
    <ClCompile Include="FlatAVGUI.cpp">
      <Filter>Source Files</Filter>
    </ClCompile>
    <ClCompile Include="FlatAVMainDlg.cpp">
      <Filter>Source Files</Filter>
    </ClCompile>
    <ClCompile Include="GUIDebug.cpp">
      <Filter>Source Files</Filter>
    </ClCompile>
    <ClCompile Include="MemoryOp.cpp">
      <Filter>Source Files</Filter>
    </ClCompile>
    <ClCompile Include="Misc.cpp">
      <Filter>Source Files</Filter>
    </ClCompile>
    <ClCompile Include="MoveRenDlg.cpp">
      <Filter>Source Files</Filter>
    </ClCompile>
    <ClCompile Include="ScanDlg.cpp">
      <Filter>Source Files</Filter>
    </ClCompile>
    <ClCompile Include="ScanMemDlg.cpp">
      <Filter>Source Files</Filter>
    </ClCompile>
    <ClCompile Include="shellfoldertree.cpp">
      <Filter>Source Files</Filter>
    </ClCompile>
    <ClCompile Include="SplashScanMemDlg.cpp">
      <Filter>Source Files</Filter>
    </ClCompile>
    <ClCompile Include="SplashScanResDlg.cpp">
      <Filter>Source Files</Filter>
    </ClCompile>
    <ClCompile Include="stdafx.cpp">
      <Filter>Source Files</Filter>
    </ClCompile>
    <ClCompile Include="zlib\adler32.c">
      <Filter>zlib</Filter>
    </ClCompile>
    <ClCompile Include="zlib\compress.c">
      <Filter>zlib</Filter>
    </ClCompile>
    <ClCompile Include="zlib\crc32.c">
      <Filter>zlib</Filter>
    </ClCompile>
    <ClCompile Include="zlib\deflate.c">
      <Filter>zlib</Filter>
    </ClCompile>
    <ClCompile Include="zlib\gzio.c">
      <Filter>zlib</Filter>
    </ClCompile>
    <ClCompile Include="zlib\infback.c">
      <Filter>zlib</Filter>
    </ClCompile>
    <ClCompile Include="zlib\inffast.c">
      <Filter>zlib</Filter>
    </ClCompile>
    <ClCompile Include="zlib\inflate.c">
      <Filter>zlib</Filter>
    </ClCompile>
    <ClCompile Include="zlib\inftrees.c">
      <Filter>zlib</Filter>
    </ClCompile>
    <ClCompile Include="zlib\trees.c">
      <Filter>zlib</Filter>
    </ClCompile>
    <ClCompile Include="zlib\uncompr.c">
      <Filter>zlib</Filter>
    </ClCompile>
    <ClCompile Include="zlib\zutil.c">
      <Filter>zlib</Filter>
    </ClCompile>
    <ClCompile Include="unzip\ioapi.c">
      <Filter>unzip</Filter>
    </ClCompile>
    <ClCompile Include="unzip\iowin32.c">
      <Filter>unzip</Filter>
    </ClCompile>
    <ClCompile Include="unzip\mztools.c">
      <Filter>unzip</Filter>
    </ClCompile>
    <ClCompile Include="unzip\unzip.c">
      <Filter>unzip</Filter>
    </ClCompile>
    <ClCompile Include="unzip\zip.c">
      <Filter>unzip</Filter>
    </ClCompile>
  </ItemGroup>
  <ItemGroup>
    <ClInclude Include="ArchiveOp.h">
      <Filter>Header Files</Filter>
    </ClInclude>
    <ClInclude Include="DeleteDlg.h">
      <Filter>Header Files</Filter>
    </ClInclude>
    <ClInclude Include="EnumMWObjectArray.h">
      <Filter>Header Files</Filter>
    </ClInclude>
    <ClInclude Include="FileOp.h">
      <Filter>Header Files</Filter>
    </ClInclude>
    <ClInclude Include="FlatAVGUI.h">
      <Filter>Header Files</Filter>
    </ClInclude>
    <ClInclude Include="FlatAVMainDlg.h">
      <Filter>Header Files</Filter>
    </ClInclude>
    <ClInclude Include="GUIDebug.h">
      <Filter>Header Files</Filter>
    </ClInclude>
    <ClInclude Include="GUIMacro.h">
      <Filter>Header Files</Filter>
    </ClInclude>
    <ClInclude Include="macro.h">
      <Filter>Header Files</Filter>
    </ClInclude>
    <ClInclude Include="MemoryOp.h">
      <Filter>Header Files</Filter>
    </ClInclude>
    <ClInclude Include="Misc.h">
      <Filter>Header Files</Filter>
    </ClInclude>
    <ClInclude Include="MoveRenDlg.h">
      <Filter>Header Files</Filter>
    </ClInclude>
    <ClInclude Include="Resource.h">
      <Filter>Header Files</Filter>
    </ClInclude>
    <ClInclude Include="ScanDlg.h">
      <Filter>Header Files</Filter>
    </ClInclude>
    <ClInclude Include="ScanMemDlg.h">
      <Filter>Header Files</Filter>
    </ClInclude>
    <ClInclude Include="shellfoldertree.h">
      <Filter>Header Files</Filter>
    </ClInclude>
    <ClInclude Include="SplashScanMemDlg.h">
      <Filter>Header Files</Filter>
    </ClInclude>
    <ClInclude Include="SplashScanResDlg.h">
      <Filter>Header Files</Filter>
    </ClInclude>
    <ClInclude Include="stdafx.h">
      <Filter>Header Files</Filter>
    </ClInclude>
    <ClInclude Include="zlib\crc32.h">
      <Filter>zlib</Filter>
    </ClInclude>
    <ClInclude Include="zlib\deflate.h">
      <Filter>zlib</Filter>
    </ClInclude>
    <ClInclude Include="zlib\inffast.h">
      <Filter>zlib</Filter>
    </ClInclude>
    <ClInclude Include="zlib\inffixed.h">
      <Filter>zlib</Filter>
    </ClInclude>
    <ClInclude Include="zlib\inflate.h">
      <Filter>zlib</Filter>
    </ClInclude>
    <ClInclude Include="zlib\inftrees.h">
      <Filter>zlib</Filter>
    </ClInclude>
    <ClInclude Include="zlib\trees.h">
      <Filter>zlib</Filter>
    </ClInclude>
    <ClInclude Include="zlib\zconf.h">
      <Filter>zlib</Filter>
    </ClInclude>
    <ClInclude Include="zlib\zconf.in.h">
      <Filter>zlib</Filter>
    </ClInclude>
    <ClInclude Include="zlib\zlib.h">
      <Filter>zlib</Filter>
    </ClInclude>
    <ClInclude Include="zlib\zutil.h">
      <Filter>zlib</Filter>
    </ClInclude>
    <ClInclude Include="unzip\crypt.h">
      <Filter>unzip</Filter>
    </ClInclude>
    <ClInclude Include="unzip\ioapi.h">
      <Filter>unzip</Filter>
    </ClInclude>
    <ClInclude Include="unzip\iowin32.h">
      <Filter>unzip</Filter>
    </ClInclude>
    <ClInclude Include="unzip\mztools.h">
      <Filter>unzip</Filter>
    </ClInclude>
    <ClInclude Include="unzip\unzip.h">
      <Filter>unzip</Filter>
    </ClInclude>
    <ClInclude Include="unzip\zip.h">
      <Filter>unzip</Filter>
    </ClInclude>
  </ItemGroup>
  <ItemGroup>
    <Image Include="res\flatav_mainicon.ico">
      <Filter>Resource Files</Filter>
    </Image>
    <Image Include="res\flatav_splash.bmp">
      <Filter>Resource Files</Filter>
    </Image>
    <Image Include="res\FlatAVGUI.ico">
      <Filter>Resource Files</Filter>
    </Image>
    <Image Include="res\icon1.ico">
      <Filter>Resource Files</Filter>
    </Image>
  </ItemGroup>
  <ItemGroup>
    <ResourceCompile Include="FlatAVGUI.rc">
      <Filter>Resource Files</Filter>
    </ResourceCompile>
  </ItemGroup>
  <ItemGroup>
    <None Include="res\FlatAVGUI.rc2">
      <Filter>Resource Files</Filter>
    </None>
  </ItemGroup>
  <ItemGroup>
    <CustomBuild Include="res\FlatAVGUI.manifest" />
  </ItemGroup>
</Project>